
Microsoft Visual Studio Solution File, Format Version 12.00
# Visual Studio Version 17
VisualStudioVersion = 17.1.32319.34
MinimumVisualStudioVersion = 10.0.40219.1
Project("{FAE04EC0-301F-11D3-BF4B-00C04F79EFBC}") = "User-Service", "User-Service\User-Service.csproj", "{B380FB15-6BEF-4D73-9B19-E70B34EBE6B2}"
EndProject
Project("{FAE04EC0-301F-11D3-BF4B-00C04F79EFBC}") = "User-Service.Tests", "User-Service.Tests\User-Service.Tests.csproj", "{56C0F7A0-6189-4221-889A-F9BA5B3AB704}"
EndProject
Global
	GlobalSection(SolutionConfigurationPlatforms) = preSolution
		Debug|Any CPU = Debug|Any CPU
		Release|Any CPU = Release|Any CPU
	EndGlobalSection
	GlobalSection(ProjectConfigurationPlatforms) = postSolution
		{B380FB15-6BEF-4D73-9B19-E70B34EBE6B2}.Debug|Any CPU.ActiveCfg = Debug|Any CPU
		{B380FB15-6BEF-4D73-9B19-E70B34EBE6B2}.Debug|Any CPU.Build.0 = Debug|Any CPU
		{B380FB15-6BEF-4D73-9B19-E70B34EBE6B2}.Release|Any CPU.ActiveCfg = Release|Any CPU
		{B380FB15-6BEF-4D73-9B19-E70B34EBE6B2}.Release|Any CPU.Build.0 = Release|Any CPU
		{56C0F7A0-6189-4221-889A-F9BA5B3AB704}.Debug|Any CPU.ActiveCfg = Debug|Any CPU
		{56C0F7A0-6189-4221-889A-F9BA5B3AB704}.Debug|Any CPU.Build.0 = Debug|Any CPU
		{56C0F7A0-6189-4221-889A-F9BA5B3AB704}.Release|Any CPU.ActiveCfg = Release|Any CPU
		{56C0F7A0-6189-4221-889A-F9BA5B3AB704}.Release|Any CPU.Build.0 = Release|Any CPU
	EndGlobalSection
	GlobalSection(SolutionProperties) = preSolution
		HideSolutionNode = FALSE
	EndGlobalSection
	GlobalSection(ExtensibilityGlobals) = postSolution
		SolutionGuid = {CCA18C67-F3E1-4EDF-A75C-D98AC3BA820A}
	EndGlobalSection
EndGlobal
